PODS:
  - blurhash_ffi (0.0.1):
    - Flutter
  - cupertino_http (0.0.1):
    - Flutter
    - FlutterMacOS
  - device_info_plus (0.0.1):
    - Flutter
  - DKImagePickerController/Core (4.3.9):
    - DKImagePickerController/ImageDataManager
    - DKImagePickerController/Resource
  - DKImagePickerController/ImageDataManager (4.3.9)
  - DKImagePickerController/PhotoGallery (4.3.9):
    - DKImagePickerController/Core
    - DKPhotoGallery
  - DKImagePickerController/Resource (4.3.9)
  - DKPhotoGallery (0.0.19):
    - DKPhotoGallery/Core (= 0.0.19)
    - DKPhotoGallery/Model (= 0.0.19)
    - DKPhotoGallery/Preview (= 0.0.19)
    - DKPhotoGallery/Resource (= 0.0.19)
    - SDWebImage
    - SwiftyGif
  - DKPhotoGallery/Core (0.0.19):
    - DKPhotoGallery/Model
    - DKPhotoGallery/Preview
    - SDWebImage
    - SwiftyGif
  - DKPhotoGallery/Model (0.0.19):
    - SDWebImage
    - SwiftyGif
  - DKPhotoGallery/Preview (0.0.19):
    - DKPhotoGallery/Model
    - DKPhotoGallery/Resource
    - SDWebImage
    - SwiftyGif
  - DKPhotoGallery/Resource (0.0.19):
    - SDWebImage
    - SwiftyGif
  - file_picker (0.0.1):
    - DKImagePickerController/PhotoGallery
    - Flutter
  - Flutter (1.0.0)
  - flutter_downloader (0.0.1):
    - Flutter
  - flutter_inappwebview_ios (0.0.1):
    - Flutter
    - flutter_inappwebview_ios/Core (= 0.0.1)
    - OrderedSet (~> 6.0.3)
  - flutter_inappwebview_ios/Core (0.0.1):
    - Flutter
    - OrderedSet (~> 6.0.3)
  - flutter_isolate (0.0.1):
    - Flutter
  - flutter_keyboard_visibility (0.0.1):
    - Flutter
  - flutter_vibrate (0.0.1):
    - Flutter
  - google_mlkit_barcode_scanning (0.14.1):
    - Flutter
    - google_mlkit_commons
    - GoogleMLKit/BarcodeScanning (~> 7.0.0)
  - google_mlkit_commons (0.11.0):
    - Flutter
    - MLKitVision
  - google_mlkit_language_id (0.13.0):
    - Flutter
    - google_mlkit_commons
    - GoogleMLKit/LanguageID (~> 7.0.0)
  - GoogleDataTransport (10.1.0):
    - nanopb (~> 3.30910.0)
    - PromisesObjC (~> 2.4)
  - GoogleMLKit/BarcodeScanning (7.0.0):
    - GoogleMLKit/MLKitCore
    - MLKitBarcodeScanning (~> 6.0.0)
  - GoogleMLKit/LanguageID (7.0.0):
    - GoogleMLKit/MLKitCore
    - MLKitLanguageID (~> 7.0.0)
  - GoogleMLKit/MLKitCore (7.0.0):
    - MLKitCommon (~> 12.0.0)
  - GoogleToolboxForMac/Defines (4.2.1)
  - GoogleToolboxForMac/Logger (4.2.1):
    - GoogleToolboxForMac/Defines (= 4.2.1)
  - "GoogleToolboxForMac/NSData+zlib (4.2.1)":
    - GoogleToolboxForMac/Defines (= 4.2.1)
  - GoogleToolboxForMac/StringEncoding (4.2.1):
    - GoogleToolboxForMac/Defines (= 4.2.1)
  - GoogleUtilities/Environment (8.1.0):
    - GoogleUtilities/Privacy
  - GoogleUtilities/Logger (8.1.0):
    - GoogleUtilities/Environment
    - GoogleUtilities/Privacy
  - GoogleUtilities/Privacy (8.1.0)
  - GoogleUtilities/UserDefaults (8.1.0):
    - GoogleUtilities/Logger
    - GoogleUtilities/Privacy
  - GTMSessionFetcher/Core (3.5.0)
  - image_gallery_saver_plus (0.0.1):
    - Flutter
  - isar_community_flutter_libs (1.0.0):
    - Flutter
  - local_auth_darwin (0.0.1):
    - Flutter
    - FlutterMacOS
  - MLImage (1.0.0-beta6)
  - MLKitBarcodeScanning (6.0.0):
    - MLKitCommon (~> 12.0)
    - MLKitVision (~> 8.0)
  - MLKitCommon (12.0.0):
    - GoogleDataTransport (~> 10.0)
    - GoogleToolboxForMac/Logger (< 5.0, >= 4.2.1)
    - "GoogleToolboxForMac/NSData+zlib (< 5.0, >= 4.2.1)"
    - GoogleUtilities/Logger (~> 8.0)
    - GoogleUtilities/UserDefaults (~> 8.0)
    - GTMSessionFetcher/Core (< 4.0, >= 3.3.2)
  - MLKitLanguageID (7.0.0):
    - MLKitNaturalLanguage (~> 8.0)
  - MLKitNaturalLanguage (8.0.0):
    - GoogleToolboxForMac/Logger (< 5.0, >= 4.2.1)
    - "GoogleToolboxForMac/NSData+zlib (< 5.0, >= 4.2.1)"
    - GoogleToolboxForMac/StringEncoding (< 5.0, >= 4.2.1)
    - GTMSessionFetcher/Core (< 4.0, >= 3.3.2)
    - MLKitCommon (~> 12.0)
  - MLKitVision (8.0.0):
    - GoogleToolboxForMac/Logger (< 5.0, >= 4.2.1)
    - "GoogleToolboxForMac/NSData+zlib (< 5.0, >= 4.2.1)"
    - GTMSessionFetcher/Core (< 4.0, >= 3.3.2)
    - MLImage (= 1.0.0-beta6)
    - MLKitCommon (~> 12.0)
  - nanopb (3.30910.0):
    - nanopb/decode (= 3.30910.0)
    - nanopb/encode (= 3.30910.0)
  - nanopb/decode (3.30910.0)
  - nanopb/encode (3.30910.0)
  - objective_c (0.0.1):
    - Flutter
  - open_by_default (0.0.1):
    - Flutter
  - open_filex (0.0.2):
    - Flutter
  - OrderedSet (6.0.3)
  - package_info_plus (0.4.5):
    - Flutter
  - path_provider_foundation (0.0.1):
    - Flutter
    - FlutterMacOS
  - permission_handler_apple (9.3.0):
    - Flutter
  - PromisesObjC (2.4.0)
  - receive_sharing_intent (1.8.1):
    - Flutter
  - SDWebImage (5.21.2):
    - SDWebImage/Core (= 5.21.2)
  - SDWebImage/Core (5.21.2)
  - Sentry/HybridSDK (8.46.0)
  - sentry_flutter (8.14.2):
    - Flutter
    - FlutterMacOS
    - Sentry/HybridSDK (= 8.46.0)
  - share_plus (0.0.1):
    - Flutter
  - shared_preferences_foundation (0.0.1):
    - Flutter
    - FlutterMacOS
  - sqflite_darwin (0.0.4):
    - Flutter
    - FlutterMacOS
  - SwiftyGif (5.4.5)
  - system_network_proxy (0.0.1):
    - Flutter
  - system_proxy (0.0.1):
    - Flutter
  - url_launcher_ios (0.0.1):
    - Flutter
  - vibration (3.0.0):
    - Flutter
  - wakelock_plus (0.0.1):
    - Flutter
  - webview_cookie_manager_plus (0.0.1):
    - Flutter

DEPENDENCIES:
  - blurhash_ffi (from `.symlinks/plugins/blurhash_ffi/ios`)
  - cupertino_http (from `.symlinks/plugins/cupertino_http/darwin`)
  - device_info_plus (from `.symlinks/plugins/device_info_plus/ios`)
  - file_picker (from `.symlinks/plugins/file_picker/ios`)
  - Flutter (from `Flutter`)
  - flutter_downloader (from `.symlinks/plugins/flutter_downloader/ios`)
  - flutter_inappwebview_ios (from `.symlinks/plugins/flutter_inappwebview_ios/ios`)
  - flutter_isolate (from `.symlinks/plugins/flutter_isolate/ios`)
  - flutter_keyboard_visibility (from `.symlinks/plugins/flutter_keyboard_visibility/ios`)
  - flutter_vibrate (from `.symlinks/plugins/flutter_vibrate/ios`)
  - google_mlkit_barcode_scanning (from `.symlinks/plugins/google_mlkit_barcode_scanning/ios`)
  - google_mlkit_commons (from `.symlinks/plugins/google_mlkit_commons/ios`)
  - google_mlkit_language_id (from `.symlinks/plugins/google_mlkit_language_id/ios`)
  - image_gallery_saver_plus (from `.symlinks/plugins/image_gallery_saver_plus/ios`)
  - isar_community_flutter_libs (from `.symlinks/plugins/isar_community_flutter_libs/ios`)
  - local_auth_darwin (from `.symlinks/plugins/local_auth_darwin/darwin`)
  - objective_c (from `.symlinks/plugins/objective_c/ios`)
  - open_by_default (from `.symlinks/plugins/open_by_default/ios`)
  - open_filex (from `.symlinks/plugins/open_filex/ios`)
  - package_info_plus (from `.symlinks/plugins/package_info_plus/ios`)
  - path_provider_foundation (from `.symlinks/plugins/path_provider_foundation/darwin`)
  - permission_handler_apple (from `.symlinks/plugins/permission_handler_apple/ios`)
  - receive_sharing_intent (from `.symlinks/plugins/receive_sharing_intent/ios`)
  - sentry_flutter (from `.symlinks/plugins/sentry_flutter/ios`)
  - share_plus (from `.symlinks/plugins/share_plus/ios`)
  - shared_preferences_foundation (from `.symlinks/plugins/shared_preferences_foundation/darwin`)
  - sqflite_darwin (from `.symlinks/plugins/sqflite_darwin/darwin`)
  - system_network_proxy (from `.symlinks/plugins/system_network_proxy/ios`)
  - system_proxy (from `.symlinks/plugins/system_proxy/ios`)
  - url_launcher_ios (from `.symlinks/plugins/url_launcher_ios/ios`)
  - vibration (from `.symlinks/plugins/vibration/ios`)
  - wakelock_plus (from `.symlinks/plugins/wakelock_plus/ios`)
  - webview_cookie_manager_plus (from `.symlinks/plugins/webview_cookie_manager_plus/ios`)

SPEC REPOS:
  trunk:
    - DKImagePickerController
    - DKPhotoGallery
    - GoogleDataTransport
    - GoogleMLKit
    - GoogleToolboxForMac
    - GoogleUtilities
    - GTMSessionFetcher
    - MLImage
    - MLKitBarcodeScanning
    - MLKitCommon
    - MLKitLanguageID
    - MLKitNaturalLanguage
    - MLKitVision
    - nanopb
    - OrderedSet
    - PromisesObjC
    - SDWebImage
    - Sentry
    - SwiftyGif

EXTERNAL SOURCES:
  blurhash_ffi:
    :path: ".symlinks/plugins/blurhash_ffi/ios"
  cupertino_http:
    :path: ".symlinks/plugins/cupertino_http/darwin"
  device_info_plus:
    :path: ".symlinks/plugins/device_info_plus/ios"
  file_picker:
    :path: ".symlinks/plugins/file_picker/ios"
  Flutter:
    :path: Flutter
  flutter_downloader:
    :path: ".symlinks/plugins/flutter_downloader/ios"
  flutter_inappwebview_ios:
    :path: ".symlinks/plugins/flutter_inappwebview_ios/ios"
  flutter_isolate:
    :path: ".symlinks/plugins/flutter_isolate/ios"
  flutter_keyboard_visibility:
    :path: ".symlinks/plugins/flutter_keyboard_visibility/ios"
  flutter_vibrate:
    :path: ".symlinks/plugins/flutter_vibrate/ios"
  google_mlkit_barcode_scanning:
    :path: ".symlinks/plugins/google_mlkit_barcode_scanning/ios"
  google_mlkit_commons:
    :path: ".symlinks/plugins/google_mlkit_commons/ios"
  google_mlkit_language_id:
    :path: ".symlinks/plugins/google_mlkit_language_id/ios"
  image_gallery_saver_plus:
    :path: ".symlinks/plugins/image_gallery_saver_plus/ios"
  isar_community_flutter_libs:
    :path: ".symlinks/plugins/isar_community_flutter_libs/ios"
  local_auth_darwin:
    :path: ".symlinks/plugins/local_auth_darwin/darwin"
  objective_c:
    :path: ".symlinks/plugins/objective_c/ios"
  open_by_default:
    :path: ".symlinks/plugins/open_by_default/ios"
  open_filex:
    :path: ".symlinks/plugins/open_filex/ios"
  package_info_plus:
    :path: ".symlinks/plugins/package_info_plus/ios"
  path_provider_foundation:
    :path: ".symlinks/plugins/path_provider_foundation/darwin"
  permission_handler_apple:
    :path: ".symlinks/plugins/permission_handler_apple/ios"
  receive_sharing_intent:
    :path: ".symlinks/plugins/receive_sharing_intent/ios"
  sentry_flutter:
    :path: ".symlinks/plugins/sentry_flutter/ios"
  share_plus:
    :path: ".symlinks/plugins/share_plus/ios"
  shared_preferences_foundation:
    :path: ".symlinks/plugins/shared_preferences_foundation/darwin"
  sqflite_darwin:
    :path: ".symlinks/plugins/sqflite_darwin/darwin"
  system_network_proxy:
    :path: ".symlinks/plugins/system_network_proxy/ios"
  system_proxy:
    :path: ".symlinks/plugins/system_proxy/ios"
  url_launcher_ios:
    :path: ".symlinks/plugins/url_launcher_ios/ios"
  vibration:
    :path: ".symlinks/plugins/vibration/ios"
  wakelock_plus:
    :path: ".symlinks/plugins/wakelock_plus/ios"
  webview_cookie_manager_plus:
    :path: ".symlinks/plugins/webview_cookie_manager_plus/ios"

SPEC CHECKSUMS:
  blurhash_ffi: 87aab623d744d4d6cd6057d285bd2258df904786
  cupertino_http: 94ac07f5ff090b8effa6c5e2c47871d48ab7c86c
  device_info_plus: 21fcca2080fbcd348be798aa36c3e5ed849eefbe
  DKImagePickerController: 946cec48c7873164274ecc4624d19e3da4c1ef3c
  DKPhotoGallery: b3834fecb755ee09a593d7c9e389d8b5d6deed60
  file_picker: a0560bc09d61de87f12d246fc47d2119e6ef37be
  Flutter: cabc95a1d2626b1b06e7179b784ebcf0c0cde467
  flutter_downloader: 78da0da1084e709cbfd3b723c7ea349c71681f09
  flutter_inappwebview_ios: b89ba3482b96fb25e00c967aae065701b66e9b99
  flutter_isolate: ca1a284bbb8dcfeb26c4764794e0206f58ffa984
  flutter_keyboard_visibility: 4625131e43015dbbe759d9b20daaf77e0e3f6619
  flutter_vibrate: 207bbbeb62dd5638b479846c8e46168d7229f14a
  google_mlkit_barcode_scanning: 8f5987f244a43fe1167689c548342a5174108159
  google_mlkit_commons: 2abe6a70e1824e431d16a51085cb475b672c8aab
  google_mlkit_language_id: cbee6db1778d8e28a1eceb32548e8cad4e1bcef7
  GoogleDataTransport: aae35b7ea0c09004c3797d53c8c41f66f219d6a7
  GoogleMLKit: eff9e23ec1d90ea4157a1ee2e32a4f610c5b3318
  GoogleToolboxForMac: d1a2cbf009c453f4d6ded37c105e2f67a32206d8
  GoogleUtilities: 00c88b9a86066ef77f0da2fab05f65d7768ed8e1
  GTMSessionFetcher: 5aea5ba6bd522a239e236100971f10cb71b96ab6
  image_gallery_saver_plus: e597bf65a7846979417a3eae0763b71b6dfec6c3
  isar_community_flutter_libs: bede843185a61a05ff364a05c9b23209523f7e0d
  local_auth_darwin: d2e8c53ef0c4f43c646462e3415432c4dab3ae19
  MLImage: 0ad1c5f50edd027672d8b26b0fee78a8b4a0fc56
  MLKitBarcodeScanning: 0a3064da0a7f49ac24ceb3cb46a5bc67496facd2
  MLKitCommon: 07c2c33ae5640e5380beaaa6e4b9c249a205542d
  MLKitLanguageID: f52e378d875f1a5e67ac0f259ebddaab95faa1c7
  MLKitNaturalLanguage: 1faece38017b0cf8eb49ac69cff10cb419f68c01
  MLKitVision: 45e79d68845a2de77e2dd4d7f07947f0ed157b0e
  nanopb: fad817b59e0457d11a5dfbde799381cd727c1275
  objective_c: 89e720c30d716b036faf9c9684022048eee1eee2
  open_by_default: 7a3ae9a3cb5e95a5bd7f5c6df0acebf65c2715c0
  open_filex: 432f3cd11432da3e39f47fcc0df2b1603854eff1
  OrderedSet: e539b66b644ff081c73a262d24ad552a69be3a94
  package_info_plus: af8e2ca6888548050f16fa2f1938db7b5a5df499
  path_provider_foundation: 080d55be775b7414fd5a5ef3ac137b97b097e564
  permission_handler_apple: 4ed2196e43d0651e8ff7ca3483a069d469701f2d
  PromisesObjC: f5707f49cb48b9636751c5b2e7d227e43fba9f47
  receive_sharing_intent: 222384f00ffe7e952bbfabaa9e3967cb87e5fe00
  SDWebImage: 9f177d83116802728e122410fb25ad88f5c7608a
  Sentry: da60d980b197a46db0b35ea12cb8f39af48d8854
  sentry_flutter: 27892878729f42701297c628eb90e7c6529f3684
  share_plus: 50da8cb520a8f0f65671c6c6a99b3617ed10a58a
  shared_preferences_foundation: 9e1978ff2562383bd5676f64ec4e9aa8fa06a6f7
  sqflite_darwin: 20b2a3a3b70e43edae938624ce550a3cbf66a3d0
  SwiftyGif: 706c60cf65fa2bc5ee0313beece843c8eb8194d4
  system_network_proxy: c0b2ba3a6d877b4861e22300ecfb60df4d200382
  system_proxy: df8f85da9db052f93da22ceb2a8f87b3058c2eb3
  url_launcher_ios: 694010445543906933d732453a59da0a173ae33d
  vibration: 69774ad57825b11c951ee4c46155f455d7a592ce
  wakelock_plus: e29112ab3ef0b318e58cfa5c32326458be66b556
  webview_cookie_manager_plus: 12fb24c0f41106698164b53accddee92d4570cf8

PODFILE CHECKSUM: ca1a7c9ffd4eec07c3590f0922b3cae5e6934d81

COCOAPODS: 1.17.0
